
Microsoft Visual Studio Solution File, Format Version 12.00
# Visual Studio Version 16
VisualStudioVersion = 16.0.29020.237
MinimumVisualStudioVersion = 10.0.40219.1
Project("{9A19103F-16F7-4668-BE54-9A1E7A4F7556}") = "CopaFilmes.API", "CopaFilmes.API\CopaFilmes.API.csproj", "{8A7155FE-795F-429D-A79C-AE8FFE5576AE}"
EndProject
Project("{9A19103F-16F7-4668-BE54-9A1E7A4F7556}") = "CopaFIlmes.Domain", "CopaFIlmes.Domain\CopaFIlmes.Domain.csproj", "{B13BEF60-141D-4DED-93EE-6D43CAF705D5}"
EndProject
Project("{9A19103F-16F7-4668-BE54-9A1E7A4F7556}") = "CopaFilmes.Test", "CopaFilmes.Test\CopaFilmes.Test.csproj", "{2C231E8B-6ACD-4E5B-9E0E-AD2D12868E4C}"
EndProject
Global
	GlobalSection(SolutionConfigurationPlatforms) = preSolution
		Debug|Any CPU = Debug|Any CPU
		Release|Any CPU = Release|Any CPU
	EndGlobalSection
	GlobalSection(ProjectConfigurationPlatforms) = postSolution
		{8A7155FE-795F-429D-A79C-AE8FFE5576AE}.Debug|Any CPU.ActiveCfg = Debug|Any CPU
		{8A7155FE-795F-429D-A79C-AE8FFE5576AE}.Debug|Any CPU.Build.0 = Debug|Any CPU
		{8A7155FE-795F-429D-A79C-AE8FFE5576AE}.Release|Any CPU.ActiveCfg = Release|Any CPU
		{8A7155FE-795F-429D-A79C-AE8FFE5576AE}.Release|Any CPU.Build.0 = Release|Any CPU
		{B13BEF60-141D-4DED-93EE-6D43CAF705D5}.Debug|Any CPU.ActiveCfg = Debug|Any CPU
		{B13BEF60-141D-4DED-93EE-6D43CAF705D5}.Debug|Any CPU.Build.0 = Debug|Any CPU
		{B13BEF60-141D-4DED-93EE-6D43CAF705D5}.Release|Any CPU.ActiveCfg = Release|Any CPU
		{B13BEF60-141D-4DED-93EE-6D43CAF705D5}.Release|Any CPU.Build.0 = Release|Any CPU
		{2C231E8B-6ACD-4E5B-9E0E-AD2D12868E4C}.Debug|Any CPU.ActiveCfg = Debug|Any CPU
		{2C231E8B-6ACD-4E5B-9E0E-AD2D12868E4C}.Debug|Any CPU.Build.0 = Debug|Any CPU
		{2C231E8B-6ACD-4E5B-9E0E-AD2D12868E4C}.Release|Any CPU.ActiveCfg = Release|Any CPU
		{2C231E8B-6ACD-4E5B-9E0E-AD2D12868E4C}.Release|Any CPU.Build.0 = Release|Any CPU
	EndGlobalSection
	GlobalSection(SolutionProperties) = preSolution
		HideSolutionNode = FALSE
	EndGlobalSection
	GlobalSection(ExtensibilityGlobals) = postSolution
		SolutionGuid = {E4B7DC80-7E76-4196-AF4C-A43B212FFBFE}
	EndGlobalSection
EndGlobal
